
Microsoft Visual Studio Solution File, Format Version 12.00
# Visual Studio Version 17
VisualStudioVersion = 17.14.36414.22 d17.14
MinimumVisualStudioVersion = 10.0.40219.1
Project("{888888A0-9F3D-457C-B088-3A5042F75D52}") = "QLessSolver", "QLessSolver\QLessSolver.pyproj", "{83F6C811-056D-4C01-AA1E-985A89EDF823}"
EndProject
Global
	GlobalSection(SolutionConfigurationPlatforms) = preSolution
		Debug|Any CPU = Debug|Any CPU
		Release|Any CPU = Release|Any CPU
	EndGlobalSection
	GlobalSection(ProjectConfigurationPlatforms) = postSolution
		{83F6C811-056D-4C01-AA1E-985A89EDF823}.Debug|Any CPU.ActiveCfg = Debug|Any CPU
		{83F6C811-056D-4C01-AA1E-985A89EDF823}.Debug|Any CPU.Build.0 = Debug|Any CPU
		{83F6C811-056D-4C01-AA1E-985A89EDF823}.Release|Any CPU.ActiveCfg = Release|Any CPU
		{83F6C811-056D-4C01-AA1E-985A89EDF823}.Release|Any CPU.Build.0 = Release|Any CPU
	EndGlobalSection
	GlobalSection(SolutionProperties) = preSolution
		HideSolutionNode = FALSE
	EndGlobalSection
	GlobalSection(ExtensibilityGlobals) = postSolution
		SolutionGuid = {E6BC6223-51C1-4D82-94D3-9464C214CEC5}
	EndGlobalSection
EndGlobal
